
Microsoft Visual Studio Solution File, Format Version 12.00
# Visual Studio Version 16
VisualStudioVersion = 16.0.31321.278
MinimumVisualStudioVersion = 10.0.40219.1
Project("{FAE04EC0-301F-11D3-BF4B-00C04F79EFBC}") = "Dulcefina", "Dulcefina\Dulcefina.csproj", "{E2599189-8A60-4CF2-8BB1-0DB5F25877B6}"
EndProject
Global
	GlobalSection(SolutionConfigurationPlatforms) = preSolution
		Debug|Any CPU = Debug|Any CPU
		Release|Any CPU = Release|Any CPU
	EndGlobalSection
	GlobalSection(ProjectConfigurationPlatforms) = postSolution
		{E2599189-8A60-4CF2-8BB1-0DB5F25877B6}.Debug|Any CPU.ActiveCfg = Debug|Any CPU
		{E2599189-8A60-4CF2-8BB1-0DB5F25877B6}.Debug|Any CPU.Build.0 = Debug|Any CPU
		{E2599189-8A60-4CF2-8BB1-0DB5F25877B6}.Release|Any CPU.ActiveCfg = Release|Any CPU
		{E2599189-8A60-4CF2-8BB1-0DB5F25877B6}.Release|Any CPU.Build.0 = Release|Any CPU
	EndGlobalSection
	GlobalSection(SolutionProperties) = preSolution
		HideSolutionNode = FALSE
	EndGlobalSection
	GlobalSection(ExtensibilityGlobals) = postSolution
		SolutionGuid = {50E18F61-EB21-403C-AA53-A98E9C475A63}
	EndGlobalSection
EndGlobal
